
Microsoft Visual Studio Solution File, Format Version 12.00
# Visual Studio Version 17
VisualStudioVersion = 17.0.32112.339
MinimumVisualStudioVersion = 10.0.40219.1
Project("{FAE04EC0-301F-11D3-BF4B-00C04F79EFBC}") = "OOO Odejda dlya rychek", "OOO Odejda dlya rychek\OOO Odejda dlya rychek.csproj", "{AFF2F0E9-5D7F-46E2-BFDA-504A497B58FB}"
EndProject
Global
	GlobalSection(SolutionConfigurationPlatforms) = preSolution
		Debug|Any CPU = Debug|Any CPU
		Release|Any CPU = Release|Any CPU
	EndGlobalSection
	GlobalSection(ProjectConfigurationPlatforms) = postSolution
		{AFF2F0E9-5D7F-46E2-BFDA-504A497B58FB}.Debug|Any CPU.ActiveCfg = Debug|Any CPU
		{AFF2F0E9-5D7F-46E2-BFDA-504A497B58FB}.Debug|Any CPU.Build.0 = Debug|Any CPU
		{AFF2F0E9-5D7F-46E2-BFDA-504A497B58FB}.Release|Any CPU.ActiveCfg = Release|Any CPU
		{AFF2F0E9-5D7F-46E2-BFDA-504A497B58FB}.Release|Any CPU.Build.0 = Release|Any CPU
	EndGlobalSection
	GlobalSection(SolutionProperties) = preSolution
		HideSolutionNode = FALSE
	EndGlobalSection
	GlobalSection(ExtensibilityGlobals) = postSolution
		SolutionGuid = {B9E2618E-52E2-4DE0-A847-7AEF68798C92}
	EndGlobalSection
EndGlobal
